
Microsoft Visual Studio Solution File, Format Version 12.00
# Visual Studio Version 17
VisualStudioVersion = 17.8.34330.188
MinimumVisualStudioVersion = 10.0.40219.1
Project("{FAE04EC0-301F-11D3-BF4B-00C04F79EFBC}") = "ProductOrder", "ProductOrder\ProductOrder.csproj", "{C1B823BB-40CD-49A0-88CC-94B25A1D4AA0}"
EndProject
Global
	GlobalSection(SolutionConfigurationPlatforms) = preSolution
		Debug|Any CPU = Debug|Any CPU
		Release|Any CPU = Release|Any CPU
	EndGlobalSection
	GlobalSection(ProjectConfigurationPlatforms) = postSolution
		{C1B823BB-40CD-49A0-88CC-94B25A1D4AA0}.Debug|Any CPU.ActiveCfg = Debug|Any CPU
		{C1B823BB-40CD-49A0-88CC-94B25A1D4AA0}.Debug|Any CPU.Build.0 = Debug|Any CPU
		{C1B823BB-40CD-49A0-88CC-94B25A1D4AA0}.Release|Any CPU.ActiveCfg = Release|Any CPU
		{C1B823BB-40CD-49A0-88CC-94B25A1D4AA0}.Release|Any CPU.Build.0 = Release|Any CPU
	EndGlobalSection
	GlobalSection(SolutionProperties) = preSolution
		HideSolutionNode = FALSE
	EndGlobalSection
	GlobalSection(ExtensibilityGlobals) = postSolution
		SolutionGuid = {09F07528-764B-4BB7-BCD8-ABC6FE12E657}
	EndGlobalSection
EndGlobal
